
Microsoft Visual Studio Solution File, Format Version 12.00
# Visual Studio Version 17
VisualStudioVersion = 17.1.32210.238
MinimumVisualStudioVersion = 10.0.40219.1
Project("{9A19103F-16F7-4668-BE54-9A1E7A4F7556}") = "Sagara.FeedReader", "src\Sagara.FeedReader\Sagara.FeedReader.csproj", "{E6D73D4A-2166-4715-A7B0-C3644469959A}"
EndProject
Project("{2150E333-8FDC-42A3-9474-1A3956D46DE8}") = "Solution Items", "Solution Items", "{CF0E7DCA-8DB4-4341-B1CF-82A608724819}"
	ProjectSection(SolutionItems) = preProject
		.editorconfig = .editorconfig
		DefaultDocumentation.json = DefaultDocumentation.json
		Directory.Build.props = Directory.Build.props
		global.json = global.json
		nuget.config = nuget.config
		README.MD = README.MD
	EndProjectSection
EndProject
Project("{2150E333-8FDC-42A3-9474-1A3956D46DE8}") = "Samples", "Samples", "{305D3DDE-41ED-4AB7-9D56-297B97C1EB6B}"
EndProject
Project("{9A19103F-16F7-4668-BE54-9A1E7A4F7556}") = "Sagara.FeedReader.ConsoleSample", "src\Sagara.FeedReader.ConsoleSample\Sagara.FeedReader.ConsoleSample.csproj", "{872D88BF-6B38-40C3-BB30-C92B462535EB}"
EndProject
Project("{2150E333-8FDC-42A3-9474-1A3956D46DE8}") = "Tests", "Tests", "{38C12CFC-710B-4CF6-878A-1F8D1D2AAE21}"
EndProject
Project("{9A19103F-16F7-4668-BE54-9A1E7A4F7556}") = "Sagara.FeedReader.Tests", "src\Sagara.FeedReader.Tests\Sagara.FeedReader.Tests.csproj", "{D3718547-80AE-4EFC-BE77-BE7686ABE745}"
EndProject
Project("{9A19103F-16F7-4668-BE54-9A1E7A4F7556}") = "Sagara.FeedReader.TestDataCrawler", "src\Sagara.FeedReader.TestDataCrawler\Sagara.FeedReader.TestDataCrawler.csproj", "{A439CF52-C25D-4BDE-859B-E8091853727E}"
EndProject
Project("{2150E333-8FDC-42A3-9474-1A3956D46DE8}") = "Core", "Core", "{E53EE766-0AD7-424D-8586-6268C8223E6A}"
EndProject
Project("{9A19103F-16F7-4668-BE54-9A1E7A4F7556}") = "Sagara.FeedReader.Benchmarks", "src\Sagara.FeedReader.Benchmarks\Sagara.FeedReader.Benchmarks.csproj", "{4413C499-23DB-4B3C-B28E-0AA5CE815D4E}"
EndProject
Global
	GlobalSection(SolutionConfigurationPlatforms) = preSolution
		Debug|Any CPU = Debug|Any CPU
		Release|Any CPU = Release|Any CPU
	EndGlobalSection
	GlobalSection(ProjectConfigurationPlatforms) = postSolution
		{E6D73D4A-2166-4715-A7B0-C3644469959A}.Debug|Any CPU.ActiveCfg = Debug|Any CPU
		{E6D73D4A-2166-4715-A7B0-C3644469959A}.Debug|Any CPU.Build.0 = Debug|Any CPU
		{E6D73D4A-2166-4715-A7B0-C3644469959A}.Release|Any CPU.ActiveCfg = Release|Any CPU
		{E6D73D4A-2166-4715-A7B0-C3644469959A}.Release|Any CPU.Build.0 = Release|Any CPU
		{872D88BF-6B38-40C3-BB30-C92B462535EB}.Debug|Any CPU.ActiveCfg = Debug|Any CPU
		{872D88BF-6B38-40C3-BB30-C92B462535EB}.Debug|Any CPU.Build.0 = Debug|Any CPU
		{872D88BF-6B38-40C3-BB30-C92B462535EB}.Release|Any CPU.ActiveCfg = Release|Any CPU
		{872D88BF-6B38-40C3-BB30-C92B462535EB}.Release|Any CPU.Build.0 = Release|Any CPU
		{D3718547-80AE-4EFC-BE77-BE7686ABE745}.Debug|Any CPU.ActiveCfg = Debug|Any CPU
		{D3718547-80AE-4EFC-BE77-BE7686ABE745}.Debug|Any CPU.Build.0 = Debug|Any CPU
		{D3718547-80AE-4EFC-BE77-BE7686ABE745}.Release|Any CPU.ActiveCfg = Release|Any CPU
		{D3718547-80AE-4EFC-BE77-BE7686ABE745}.Release|Any CPU.Build.0 = Release|Any CPU
		{A439CF52-C25D-4BDE-859B-E8091853727E}.Debug|Any CPU.ActiveCfg = Debug|Any CPU
		{A439CF52-C25D-4BDE-859B-E8091853727E}.Debug|Any CPU.Build.0 = Debug|Any CPU
		{A439CF52-C25D-4BDE-859B-E8091853727E}.Release|Any CPU.ActiveCfg = Release|Any CPU
		{A439CF52-C25D-4BDE-859B-E8091853727E}.Release|Any CPU.Build.0 = Release|Any CPU
		{4413C499-23DB-4B3C-B28E-0AA5CE815D4E}.Debug|Any CPU.ActiveCfg = Debug|Any CPU
		{4413C499-23DB-4B3C-B28E-0AA5CE815D4E}.Debug|Any CPU.Build.0 = Debug|Any CPU
		{4413C499-23DB-4B3C-B28E-0AA5CE815D4E}.Release|Any CPU.ActiveCfg = Release|Any CPU
		{4413C499-23DB-4B3C-B28E-0AA5CE815D4E}.Release|Any CPU.Build.0 = Release|Any CPU
	EndGlobalSection
	GlobalSection(SolutionProperties) = preSolution
		HideSolutionNode = FALSE
	EndGlobalSection
	GlobalSection(NestedProjects) = preSolution
		{E6D73D4A-2166-4715-A7B0-C3644469959A} = {E53EE766-0AD7-424D-8586-6268C8223E6A}
		{872D88BF-6B38-40C3-BB30-C92B462535EB} = {305D3DDE-41ED-4AB7-9D56-297B97C1EB6B}
		{D3718547-80AE-4EFC-BE77-BE7686ABE745} = {38C12CFC-710B-4CF6-878A-1F8D1D2AAE21}
		{A439CF52-C25D-4BDE-859B-E8091853727E} = {305D3DDE-41ED-4AB7-9D56-297B97C1EB6B}
		{4413C499-23DB-4B3C-B28E-0AA5CE815D4E} = {305D3DDE-41ED-4AB7-9D56-297B97C1EB6B}
	EndGlobalSection
	GlobalSection(ExtensibilityGlobals) = postSolution
		SolutionGuid = {87312FAC-10C3-4339-A730-B9F7C493AE5C}
	EndGlobalSection
EndGlobal
